
Microsoft Visual Studio Solution File, Format Version 12.00
Project("{FAE04EC0-301F-11D3-BF4B-00C04F79EFBC}") = "SettingsManager", "SettingsManager.csproj", "{BCCB223B-64DC-448D-8212-95F0AD879BB0}"
EndProject
Global
	GlobalSection(SolutionConfigurationPlatforms) = preSolution
		Debug|Any CPU = Debug|Any CPU
		Release|Any CPU = Release|Any CPU
	EndGlobalSection
	GlobalSection(ProjectConfigurationPlatforms) = postSolution
		{BCCB223B-64DC-448D-8212-95F0AD879BB0}.Debug|Any CPU.ActiveCfg = Debug|Any CPU
		{BCCB223B-64DC-448D-8212-95F0AD879BB0}.Debug|Any CPU.Build.0 = Debug|Any CPU
		{BCCB223B-64DC-448D-8212-95F0AD879BB0}.Release|Any CPU.ActiveCfg = Release|Any CPU
		{BCCB223B-64DC-448D-8212-95F0AD879BB0}.Release|Any CPU.Build.0 = Release|Any CPU
	EndGlobalSection
EndGlobal
